
Microsoft Visual Studio Solution File, Format Version 12.00
# Visual Studio 2012
Project("{FAE04EC0-301F-11D3-BF4B-00C04F79EFBC}") = "PokemonBejeweledTest", "PokemonBejeweledTest\PokemonBejeweledTest.csproj", "{A7196DC5-D05A-4CE8-B966-8705F17561D0}"
EndProject
Project("{FAE04EC0-301F-11D3-BF4B-00C04F79EFBC}") = "PokemonBejeweled", "PokemonBejeweled2\PokemonBejeweled.csproj", "{9BB392CB-6535-4EDD-8750-72BBF320DE5C}"
EndProject
Global
	GlobalSection(SolutionConfigurationPlatforms) = preSolution
		Debug|Any CPU = Debug|Any CPU
		Release|Any CPU = Release|Any CPU
	EndGlobalSection
	GlobalSection(ProjectConfigurationPlatforms) = postSolution
		{A7196DC5-D05A-4CE8-B966-8705F17561D0}.Debug|Any CPU.ActiveCfg = Debug|Any CPU
		{A7196DC5-D05A-4CE8-B966-8705F17561D0}.Debug|Any CPU.Build.0 = Debug|Any CPU
		{A7196DC5-D05A-4CE8-B966-8705F17561D0}.Release|Any CPU.ActiveCfg = Release|Any CPU
		{A7196DC5-D05A-4CE8-B966-8705F17561D0}.Release|Any CPU.Build.0 = Release|Any CPU
		{9BB392CB-6535-4EDD-8750-72BBF320DE5C}.Debug|Any CPU.ActiveCfg = Debug|Any CPU
		{9BB392CB-6535-4EDD-8750-72BBF320DE5C}.Debug|Any CPU.Build.0 = Debug|Any CPU
		{9BB392CB-6535-4EDD-8750-72BBF320DE5C}.Release|Any CPU.ActiveCfg = Release|Any CPU
		{9BB392CB-6535-4EDD-8750-72BBF320DE5C}.Release|Any CPU.Build.0 = Release|Any CPU
	EndGlobalSection
	GlobalSection(SolutionProperties) = preSolution
		HideSolutionNode = FALSE
	EndGlobalSection
EndGlobal
